{
  "name": "logdecorator",
  "version": "1.0.0",
  "lockfileVersion": 1,
  "requires": true,
  "dependencies": {
    "@rauschma/stringio": {
      "version": "1.4.0",
      "resolved": "https://registry.npmjs.org/@rauschma/stringio/-/stringio-1.4.0.tgz",
      "integrity": "sha512-3uor2f/MXZkmX5RJf8r+OC3WvZVzpSme0yyL0rQDPEnatE02qRcqwEwnsgpgriEck0S/n4vWtUd6tTtrJwk45Q==",
      "requires": {
        "@types/node": "^10.0.3"
      },
      "dependencies": {
        "@types/node": {
          "version": "10.14.4",
          "resolved": "https://registry.npmjs.org/@types/node/-/node-10.14.4.tgz",
          "integrity": "sha512-DT25xX/YgyPKiHFOpNuANIQIVvYEwCWXgK2jYYwqgaMrYE6+tq+DtmMwlD3drl6DJbUwtlIDnn0d7tIn/EbXBg=="
        }
      }
    },
    "@types/node": {
      "version": "11.11.7",
      "resolved": "https://registry.npmjs.org/@types/node/-/node-11.11.7.tgz",
      "integrity": "sha512-bHbRcyD6XpXVLg42QYaQCjvDXaCFkvb3WbCIxSDmhGbJYVroxvYzekk9QGg1beeIawfvSLkdZpP0h7jxE4ihnA=="
    },
    "node-ts": {
      "version": "5.0.0",
      "resolved": "https://registry.npmjs.org/node-ts/-/node-ts-5.0.0.tgz",
      "integrity": "sha512-/yC3pt/EP+f9meGdUyejSzQvKMR0VThxR6OumrXKE1xkpYGGm+BiDsBP1+klLiIfmSKjbKtOyvF22YIevH0XwQ==",
      "requires": {
        "@rauschma/stringio": "^1.4.0",
        "@types/node": "^11.10.5"
      }
    }
  }
}
